{
  "name": "interview-portal",
  "lockfileVersion": 3,
  "requires": true,
  "packages": {
    "": {
      "dependencies": {
        "@testing-library/dom": "^10.4.1",
        "@testing-library/jest-dom": "^6.8.0",
        "@testing-library/react": "^16.3.0",
        "pdfjs-dist": "^2.14.305",
        "pg": "^8.16.3",
        "pg-hstore": "^2.3.4",
        "react-pdf": "^10.1.0",
        "sequelize": "^6.37.7"
      }
    },
    "node_modules/@adobe/css-tools": {
      "version": "4.4.4",
      "resolved": "https://registry.npmjs.org/@adobe/css-tools/-/css-tools-4.4.4.tgz",
      "integrity": "sha512-Elp+iwUx5rN5+Y8xLt5/GRoG20WGoDCQ/1Fb+1LiGtvwbDavuSk0jhD/eZdckHAuzcDzccnkv+rEjyWfRx18gg==",
      "license": "MIT"
    },
    "node_modules/@babel/code-frame": {
      "version": "7.27.1",
      "resolved": "https://registry.npmjs.org/@babel/code-frame/-/code-frame-7.27.1.tgz",
      "integrity": "sha512-cjQ7ZlQ0Mv3b47hABuTevyTuYN4i+loJKGeV9flcCgIK37cCXRh+L1bd3iBHlynerhQ7BhCkn2BPbQUL+rGqFg==",
      "license": "MIT",
      "dependencies": {
        "@babel/helper-validator-identifier": "^7.27.1",
        "js-tokens": "^4.0.0",
        "picocolors": "^1.1.1"
      },
      "engines": {
        "node": ">=6.9.0"
      }
    },
    "node_modules/@babel/helper-validator-identifier": {
      "version": "7.27.1",
      "resolved": "https://registry.npmjs.org/@babel/helper-validator-identifier/-/helper-validator-identifier-7.27.1.tgz",
      "integrity": "sha512-D2hP9eA+Sqx1kBZgzxZh0y1trbuU+JoDkiEwqhQ36nodYqJwyEIhPSdMNd7lOm/4io72luTPWH20Yda0xOuUow==",
      "license": "MIT",
      "engines": {
        "node": ">=6.9.0"
      }
    },
    "node_modules/@babel/runtime": {
      "version": "7.28.3",
      "resolved": "https://registry.npmjs.org/@babel/runtime/-/runtime-7.28.3.tgz",
      "integrity": "sha512-9uIQ10o0WGdpP6GDhXcdOJPJuDgFtIDtN/9+ArJQ2NAfAmiuhTQdzkaTGR33v43GYS2UrSA0eX2pPPHoFVvpxA==",
      "license": "MIT",
      "engines": {
        "node": ">=6.9.0"
      }
    },
    "node_modules/@napi-rs/canvas": {
      "version": "0.1.77",
      "resolved": "https://registry.npmjs.org/@napi-rs/canvas/-/canvas-0.1.77.tgz",
      "integrity": "sha512-N9w2DkEKE1AXGp3q55GBOP6BEoFrqChDiFqJtKViTpQCWNOSVuMz7LkoGehbnpxtidppbsC36P0kCZNqJKs29w==",
      "license": "MIT",
      "optional": true,
      "workspaces": [
        "e2e/*"
      ],
      "engines": {
        "node": ">= 10"
      },
      "optionalDependencies": {
        "@napi-rs/canvas-android-arm64": "0.1.77",
        "@napi-rs/canvas-darwin-arm64": "0.1.77",
        "@napi-rs/canvas-darwin-x64": "0.1.77",
        "@napi-rs/canvas-linux-arm-gnueabihf": "0.1.77",
        "@napi-rs/canvas-linux-arm64-gnu": "0.1.77",
        "@napi-rs/canvas-linux-arm64-musl": "0.1.77",
        "@napi-rs/canvas-linux-riscv64-gnu": "0.1.77",
        "@napi-rs/canvas-linux-x64-gnu": "0.1.77",
        "@napi-rs/canvas-linux-x64-musl": "0.1.77",
        "@napi-rs/canvas-win32-x64-msvc": "0.1.77"
      }
    },
    "node_modules/@napi-rs/canvas-android-arm64": {
      "version": "0.1.77",
      "resolved": "https://registry.npmjs.org/@napi-rs/canvas-android-arm64/-/canvas-android-arm64-0.1.77.tgz",
      "integrity": "sha512-jC8YX0rbAnu9YrLK1A52KM2HX9EDjrJSCLVuBf9Dsov4IC6GgwMLS2pwL9GFLJnSZBFgdwnA84efBehHT9eshA==",
      "cpu": [
        "arm64"
      ],
      "license": "MIT",
      "optional": true,
      "os": [
        "android"
      ],
      "engines": {
        "node": ">= 10"
      }
    },
    "node_modules/@napi-rs/canvas-darwin-arm64": {
      "version": "0.1.77",
      "resolved": "https://registry.npmjs.org/@napi-rs/canvas-darwin-arm64/-/canvas-darwin-arm64-0.1.77.tgz",
      "integrity": "sha512-VFaCaCgAV0+hPwXajDIiHaaGx4fVCuUVYp/CxCGXmTGz699ngIEBx3Sa2oDp0uk3X+6RCRLueb7vD44BKBiPIg==",
      "cpu": [
        "arm64"
      ],
      "license": "MIT",
      "optional": true,
      "os": [
        "darwin"
      ],
      "engines": {
        "node": ">= 10"
      }
    },
    "node_modules/@napi-rs/canvas-darwin-x64": {
      "version": "0.1.77",
      "resolved": "https://registry.npmjs.org/@napi-rs/canvas-darwin-x64/-/canvas-darwin-x64-0.1.77.tgz",
      "integrity": "sha512-uD2NSkf6I4S3o0POJDwweK85FE4rfLNA2N714MgiEEMMw5AmupfSJGgpYzcyEXtPzdaca6rBfKcqNvzR1+EyLQ==",
      "cpu": [
        "x64"
      ],
      "license": "MIT",
      "optional": true,
      "os": [
        "darwin"
      ],
      "engines": {
        "node": ">= 10"
      }
    },
    "node_modules/@napi-rs/canvas-linux-arm-gnueabihf": {
      "version": "0.1.77",
      "resolved": "https://registry.npmjs.org/@napi-rs/canvas-linux-arm-gnueabihf/-/canvas-linux-arm-gnueabihf-0.1.77.tgz",
      "integrity": "sha512-03GxMMZGhHRQxiA4gyoKT6iQSz8xnA6T9PAfg/WNJnbkVMFZG782DwUJUb39QIZ1uE1euMCPnDgWAJ092MmgJQ==",
      "cpu": [
        "arm"
      ],
      "license": "MIT",
      "optional": true,
      "os": [
        "linux"
      ],
      "engines": {
        "node": ">= 10"
      }
    },
    "node_modules/@napi-rs/canvas-linux-arm64-gnu": {
      "version": "0.1.77",
      "resolved": "https://registry.npmjs.org/@napi-rs/canvas-linux-arm64-gnu/-/canvas-linux-arm64-gnu-0.1.77.tgz",
      "integrity": "sha512-ZO+d2gRU9JU1Bb7SgJcJ1k9wtRMCpSWjJAJ+2phhu0Lw5As8jYXXXmLKmMTGs1bOya2dBMYDLzwp7KS/S/+aCA==",
      "cpu": [
        "arm64"
      ],
      "license": "MIT",
      "optional": true,
      "os": [
        "linux"
      ],
      "engines": {
        "node": ">= 10"
      }
    },
    "node_modules/@napi-rs/canvas-linux-arm64-musl": {
      "version": "0.1.77",
      "resolved": "https://registry.npmjs.org/@napi-rs/canvas-linux-arm64-musl/-/canvas-linux-arm64-musl-0.1.77.tgz",
      "integrity": "sha512-S1KtnP1+nWs2RApzNkdNf8X4trTLrHaY7FivV61ZRaL8NvuGOkSkKa+gWN2iedIGFEDz6gecpl/JAUSewwFXYg==",
      "cpu": [
        "arm64"
      ],
      "license": "MIT",
      "optional": true,
      "os": [
        "linux"
      ],
      "engines": {
        "node": ">= 10"
      }
    },
    "node_modules/@napi-rs/canvas-linux-riscv64-gnu": {
      "version": "0.1.77",
      "resolved": "https://registry.npmjs.org/@napi-rs/canvas-linux-riscv64-gnu/-/canvas-linux-riscv64-gnu-0.1.77.tgz",
      "integrity": "sha512-A4YIKFYUwDtrSzCtdCAO5DYmRqlhCVKHdpq0+dBGPnIEhOQDFkPBTfoTAjO3pjlEnorlfKmNMOH21sKQg2esGA==",
      "cpu": [
        "riscv64"
      ],
      "license": "MIT",
      "optional": true,
      "os": [
        "linux"
      ],
      "engines": {
        "node": ">= 10"
      }
    },
    "node_modules/@napi-rs/canvas-linux-x64-gnu": {
      "version": "0.1.77",
      "resolved": "https://registry.npmjs.org/@napi-rs/canvas-linux-x64-gnu/-/canvas-linux-x64-gnu-0.1.77.tgz",
      "integrity": "sha512-Lt6Sef5l0+5O1cSZ8ysO0JI+x+rSrqZyXs5f7+kVkCAOVq8X5WTcDVbvWvEs2aRhrWTp5y25Jf2Bn+3IcNHOuQ==",
      "cpu": [
        "x64"
      ],
      "license": "MIT",
      "optional": true,
      "os": [
        "linux"
      ],
      "engines": {
        "node": ">= 10"
      }
    },
    "node_modules/@napi-rs/canvas-linux-x64-musl": {
      "version": "0.1.77",
      "resolved": "https://registry.npmjs.org/@napi-rs/canvas-linux-x64-musl/-/canvas-linux-x64-musl-0.1.77.tgz",
      "integrity": "sha512-NiNFvC+D+omVeJ3IjYlIbyt/igONSABVe9z0ZZph29epHgZYu4eHwV9osfpRt1BGGOAM8LkFrHk4LBdn2EDymA==",
      "cpu": [
        "x64"
      ],
      "license": "MIT",
      "optional": true,
      "os": [
        "linux"
      ],
      "engines": {
        "node": ">= 10"
      }
    },
    "node_modules/@napi-rs/canvas-win32-x64-msvc": {
      "version": "0.1.77",
      "resolved": "https://registry.npmjs.org/@napi-rs/canvas-win32-x64-msvc/-/canvas-win32-x64-msvc-0.1.77.tgz",
      "integrity": "sha512-fP6l0hZiWykyjvpZTS3sI46iib8QEflbPakNoUijtwyxRuOPTTBfzAWZUz5z2vKpJJ/8r305wnZeZ8lhsBHY5A==",
      "cpu": [
        "x64"
      ],
      "license": "MIT",
      "optional": true,
      "os": [
        "win32"
      ],
      "engines": {
        "node": ">= 10"
      }
    },
    "node_modules/@testing-library/dom": {
      "version": "10.4.1",
      "resolved": "https://registry.npmjs.org/@testing-library/dom/-/dom-10.4.1.tgz",
      "integrity": "sha512-o4PXJQidqJl82ckFaXUeoAW+XysPLauYI43Abki5hABd853iMhitooc6znOnczgbTYmEP6U6/y1ZyKAIsvMKGg==",
      "license": "MIT",
      "dependencies": {
        "@babel/code-frame": "^7.10.4",
        "@babel/runtime": "^7.12.5",
        "@types/aria-query": "^5.0.1",
        "aria-query": "5.3.0",
        "dom-accessibility-api": "^0.5.9",
        "lz-string": "^1.5.0",
        "picocolors": "1.1.1",
        "pretty-format": "^27.0.2"
      },
      "engines": {
        "node": ">=18"
      }
    },
    "node_modules/@testing-library/jest-dom": {
      "version": "6.8.0",
      "resolved": "https://registry.npmjs.org/@testing-library/jest-dom/-/jest-dom-6.8.0.tgz",
      "integrity": "sha512-WgXcWzVM6idy5JaftTVC8Vs83NKRmGJz4Hqs4oyOuO2J4r/y79vvKZsb+CaGyCSEbUPI6OsewfPd0G1A0/TUZQ==",
      "license": "MIT",
      "dependencies": {
        "@adobe/css-tools": "^4.4.0",
        "aria-query": "^5.0.0",
        "css.escape": "^1.5.1",
        "dom-accessibility-api": "^0.6.3",
        "picocolors": "^1.1.1",
        "redent": "^3.0.0"
      },
      "engines": {
        "node": ">=14",
        "npm": ">=6",
        "yarn": ">=1"
      }
    },
    "node_modules/@testing-library/jest-dom/node_modules/dom-accessibility-api": {
      "version": "0.6.3",
      "resolved": "https://registry.npmjs.org/dom-accessibility-api/-/dom-accessibility-api-0.6.3.tgz",
      "integrity": "sha512-7ZgogeTnjuHbo+ct10G9Ffp0mif17idi0IyWNVA/wcwcm7NPOD/WEHVP3n7n3MhXqxoIYm8d6MuZohYWIZ4T3w==",
      "license": "MIT"
    },
    "node_modules/@testing-library/react": {
      "version": "16.3.0",
      "resolved": "https://registry.npmjs.org/@testing-library/react/-/react-16.3.0.tgz",
      "integrity": "sha512-kFSyxiEDwv1WLl2fgsq6pPBbw5aWKrsY2/noi1Id0TK0UParSF62oFQFGHXIyaG4pp2tEub/Zlel+fjjZILDsw==",
      "license": "MIT",
      "dependencies": {
        "@babel/runtime": "^7.12.5"
      },
      "engines": {
        "node": ">=18"
      },
      "peerDependencies": {
        "@testing-library/dom": "^10.0.0",
        "@types/react": "^18.0.0 || ^19.0.0",
        "@types/react-dom": "^18.0.0 || ^19.0.0",
        "react": "^18.0.0 || ^19.0.0",
        "react-dom": "^18.0.0 || ^19.0.0"
      },
      "peerDependenciesMeta": {
        "@types/react": {
          "optional": true
        },
        "@types/react-dom": {
          "optional": true
        }
      }
    },
    "node_modules/@types/aria-query": {
      "version": "5.0.4",
      "resolved": "https://registry.npmjs.org/@types/aria-query/-/aria-query-5.0.4.tgz",
      "integrity": "sha512-rfT93uj5s0PRL7EzccGMs3brplhcrghnDoV26NqKhCAS1hVo+WdNsPvE/yb6ilfr5hi2MEk6d5EWJTKdxg8jVw==",
      "license": "MIT"
    },
    "node_modules/@types/debug": {
      "version": "4.1.12",
      "resolved": "https://registry.npmjs.org/@types/debug/-/debug-4.1.12.tgz",
      "integrity": "sha512-vIChWdVG3LG1SMxEvI/AK+FWJthlrqlTu7fbrlywTkkaONwk/UAGaULXRlf8vkzFBLVm0zkMdCquhL5aOjhXPQ==",
      "license": "MIT",
      "dependencies": {
        "@types/ms": "*"
      }
    },
    "node_modules/@types/ms": {
      "version": "2.1.0",
      "resolved": "https://registry.npmjs.org/@types/ms/-/ms-2.1.0.tgz",
      "integrity": "sha512-GsCCIZDE/p3i96vtEqx+7dBUGXrc7zeSK3wwPHIaRThS+9OhWIXRqzs4d6k1SVU8g91DrNRWxWUGhp5KXQb2VA==",
      "license": "MIT"
    },
    "node_modules/@types/node": {
      "version": "24.3.0",
      "resolved": "https://registry.npmjs.org/@types/node/-/node-24.3.0.tgz",
      "integrity": "sha512-aPTXCrfwnDLj4VvXrm+UUCQjNEvJgNA8s5F1cvwQU+3KNltTOkBm1j30uNLyqqPNe7gE3KFzImYoZEfLhp4Yow==",
      "license": "MIT",
      "dependencies": {
        "undici-types": "~7.10.0"
      }
    },
    "node_modules/@types/validator": {
      "version": "13.15.2",
      "resolved": "https://registry.npmjs.org/@types/validator/-/validator-13.15.2.tgz",
      "integrity": "sha512-y7pa/oEJJ4iGYBxOpfAKn5b9+xuihvzDVnC/OSvlVnGxVg0pOqmjiMafiJ1KVNQEaPZf9HsEp5icEwGg8uIe5Q==",
      "license": "MIT"
    },
    "node_modules/ansi-regex": {
      "version": "5.0.1",
      "resolved": "https://registry.npmjs.org/ansi-regex/-/ansi-regex-5.0.1.tgz",
      "integrity": "sha512-quJQXlTSUGL2LH9SUXo8VwsY4soanhgo6LNSm84E1LBcE8s3O0wpdiRzyR9z/ZZJMlMWv37qOOb9pdJlMUEKFQ==",
      "license": "MIT",
      "engines": {
        "node": ">=8"
      }
    },
    "node_modules/ansi-styles": {
      "version": "5.2.0",
      "resolved": "https://registry.npmjs.org/ansi-styles/-/ansi-styles-5.2.0.tgz",
      "integrity": "sha512-Cxwpt2SfTzTtXcfOlzGEee8O+c+MmUgGrNiBcXnuWxuFJHe6a5Hz7qwhwe5OgaSYI0IJvkLqWX1ASG+cJOkEiA==",
      "license": "MIT",
      "engines": {
        "node": ">=10"
      },
      "funding": {
        "url": "https://github.com/chalk/ansi-styles?sponsor=1"
      }
    },
    "node_modules/aria-query": {
      "version": "5.3.0",
      "resolved": "https://registry.npmjs.org/aria-query/-/aria-query-5.3.0.tgz",
      "integrity": "sha512-b0P0sZPKtyu8HkeRAfCq0IfURZK+SuwMjY1UXGBU27wpAiTwQAIlq56IbIO+ytk/JjS1fMR14ee5WBBfKi5J6A==",
      "license": "Apache-2.0",
      "dependencies": {
        "dequal": "^2.0.3"
      }
    },
    "node_modules/clsx": {
      "version": "2.1.1",
      "resolved": "https://registry.npmjs.org/clsx/-/clsx-2.1.1.tgz",
      "integrity": "sha512-eYm0QWBtUrBWZWG0d386OGAw16Z995PiOVo2B7bjWSbHedGl5e0ZWaq65kOGgUSNesEIDkB9ISbTg/JK9dhCZA==",
      "license": "MIT",
      "engines": {
        "node": ">=6"
      }
    },
    "node_modules/css.escape": {
      "version": "1.5.1",
      "resolved": "https://registry.npmjs.org/css.escape/-/css.escape-1.5.1.tgz",
      "integrity": "sha512-YUifsXXuknHlUsmlgyY0PKzgPOr7/FjCePfHNt0jxm83wHZi44VDMQ7/fGNkjY3/jV1MC+1CmZbaHzugyeRtpg==",
      "license": "MIT"
    },
    "node_modules/debug": {
      "version": "4.4.1",
      "resolved": "https://registry.npmjs.org/debug/-/debug-4.4.1.tgz",
      "integrity": "sha512-KcKCqiftBJcZr++7ykoDIEwSa3XWowTfNPo92BYxjXiyYEVrUQh2aLyhxBCwww+heortUFxEJYcRzosstTEBYQ==",
      "license": "MIT",
      "dependencies": {
        "ms": "^2.1.3"
      },
      "engines": {
        "node": ">=6.0"
      },
      "peerDependenciesMeta": {
        "supports-color": {
          "optional": true
        }
      }
    },
    "node_modules/dequal": {
      "version": "2.0.3",
      "resolved": "https://registry.npmjs.org/dequal/-/dequal-2.0.3.tgz",
      "integrity": "sha512-0je+qPKHEMohvfRTCEo3CrPG6cAzAYgmzKyxRiYSSDkS6eGJdyVJm7WaYA5ECaAD9wLB2T4EEeymA5aFVcYXCA==",
      "license": "MIT",
      "engines": {
        "node": ">=6"
      }
    },
    "node_modules/dom-accessibility-api": {
      "version": "0.5.16",
      "resolved": "https://registry.npmjs.org/dom-accessibility-api/-/dom-accessibility-api-0.5.16.tgz",
      "integrity": "sha512-X7BJ2yElsnOJ30pZF4uIIDfBEVgF4XEBxL9Bxhy6dnrm5hkzqmsWHGTiHqRiITNhMyFLyAiWndIJP7Z1NTteDg==",
      "license": "MIT"
    },
    "node_modules/dommatrix": {
      "version": "1.0.3",
      "resolved": "https://registry.npmjs.org/dommatrix/-/dommatrix-1.0.3.tgz",
      "integrity": "sha512-l32Xp/TLgWb8ReqbVJAFIvXmY7go4nTxxlWiAFyhoQw9RKEOHBZNnyGvJWqDVSPmq3Y9HlM4npqF/T6VMOXhww==",
      "deprecated": "dommatrix is no longer maintained. Please use @thednp/dommatrix.",
      "license": "MIT"
    },
    "node_modules/dottie": {
      "version": "2.0.6",
      "resolved": "https://registry.npmjs.org/dottie/-/dottie-2.0.6.tgz",
      "integrity": "sha512-iGCHkfUc5kFekGiqhe8B/mdaurD+lakO9txNnTvKtA6PISrw86LgqHvRzWYPyoE2Ph5aMIrCw9/uko6XHTKCwA==",
      "license": "MIT"
    },
    "node_modules/indent-string": {
      "version": "4.0.0",
      "resolved": "https://registry.npmjs.org/indent-string/-/indent-string-4.0.0.tgz",
      "integrity": "sha512-EdDDZu4A2OyIK7Lr/2zG+w5jmbuk1DVBnEwREQvBzspBJkCEbRa8GxU1lghYcaGJCnRWibjDXlq779X1/y5xwg==",
      "license": "MIT",
      "engines": {
        "node": ">=8"
      }
    },
    "node_modules/inflection": {
      "version": "1.13.4",
      "resolved": "https://registry.npmjs.org/inflection/-/inflection-1.13.4.tgz",
      "integrity": "sha512-6I/HUDeYFfuNCVS3td055BaXBwKYuzw7K3ExVMStBowKo9oOAMJIXIHvdyR3iboTCp1b+1i5DSkIZTcwIktuDw==",
      "engines": [
        "node >= 0.4.0"
      ],
      "license": "MIT"
    },
    "node_modules/js-tokens": {
      "version": "4.0.0",
      "resolved": "https://registry.npmjs.org/js-tokens/-/js-tokens-4.0.0.tgz",
      "integrity": "sha512-RdJUflcE3cUzKiMqQgsCu06FPu9UdIJO0beYbPhHN4k6apgJtifcoCtT9bcxOpYBtpD2kCM6Sbzg4CausW/PKQ==",
      "license": "MIT"
    },
    "node_modules/lodash": {
      "version": "4.17.21",
      "resolved": "https://registry.npmjs.org/lodash/-/lodash-4.17.21.tgz",
      "integrity": "sha512-v2kDEe57lecTulaDIuNTPy3Ry4gLGJ6Z1O3vE1krgXZNrsQ+LFTGHVxVjcXPs17LhbZVGedAJv8XZ1tvj5FvSg==",
      "license": "MIT"
    },
    "node_modules/loose-envify": {
      "version": "1.4.0",
      "resolved": "https://registry.npmjs.org/loose-envify/-/loose-envify-1.4.0.tgz",
      "integrity": "sha512-lyuxPGr/Wfhrlem2CL/UcnUc1zcqKAImBDzukY7Y5F/yQiNdko6+fRLevlw1HgMySw7f611UIY408EtxRSoK3Q==",
      "license": "MIT",
      "dependencies": {
        "js-tokens": "^3.0.0 || ^4.0.0"
      },
      "bin": {
        "loose-envify": "cli.js"
      }
    },
    "node_modules/lz-string": {
      "version": "1.5.0",
      "resolved": "https://registry.npmjs.org/lz-string/-/lz-string-1.5.0.tgz",
      "integrity": "sha512-h5bgJWpxJNswbU7qCrV0tIKQCaS3blPDrqKWx+QxzuzL1zGUzij9XCWLrSLsJPu5t+eWA/ycetzYAO5IOMcWAQ==",
      "license": "MIT",
      "bin": {
        "lz-string": "bin/bin.js"
      }
    },
    "node_modules/make-cancellable-promise": {
      "version": "2.0.0",
      "resolved": "https://registry.npmjs.org/make-cancellable-promise/-/make-cancellable-promise-2.0.0.tgz",
      "integrity": "sha512-3SEQqTpV9oqVsIWqAcmDuaNeo7yBO3tqPtqGRcKkEo0lrzD3wqbKG9mkxO65KoOgXqj+zH2phJ2LiAsdzlogSw==",
      "license": "MIT",
      "funding": {
        "url": "https://github.com/wojtekmaj/make-cancellable-promise?sponsor=1"
      }
    },
    "node_modules/make-event-props": {
      "version": "2.0.0",
      "resolved": "https://registry.npmjs.org/make-event-props/-/make-event-props-2.0.0.tgz",
      "integrity": "sha512-G/hncXrl4Qt7mauJEXSg3AcdYzmpkIITTNl5I+rH9sog5Yw0kK6vseJjCaPfOXqOqQuPUP89Rkhfz5kPS8ijtw==",
      "license": "MIT",
      "funding": {
        "url": "https://github.com/wojtekmaj/make-event-props?sponsor=1"
      }
    },
    "node_modules/merge-refs": {
      "version": "2.0.0",
      "resolved": "https://registry.npmjs.org/merge-refs/-/merge-refs-2.0.0.tgz",
      "integrity": "sha512-3+B21mYK2IqUWnd2EivABLT7ueDhb0b8/dGK8LoFQPrU61YITeCMn14F7y7qZafWNZhUEKb24cJdiT5Wxs3prg==",
      "license": "MIT",
      "funding": {
        "url": "https://github.com/wojtekmaj/merge-refs?sponsor=1"
      },
      "peerDependencies": {
        "@types/react": "^16.8.0 || ^17.0.0 || ^18.0.0 || ^19.0.0"
      },
      "peerDependenciesMeta": {
        "@types/react": {
          "optional": true
        }
      }
    },
    "node_modules/min-indent": {
      "version": "1.0.1",
      "resolved": "https://registry.npmjs.org/min-indent/-/min-indent-1.0.1.tgz",
      "integrity": "sha512-I9jwMn07Sy/IwOj3zVkVik2JTvgpaykDZEigL6Rx6N9LbMywwUSMtxET+7lVoDLLd3O3IXwJwvuuns8UB/HeAg==",
      "license": "MIT",
      "engines": {
        "node": ">=4"
      }
    },
    "node_modules/moment": {
      "version": "2.30.1",
      "resolved": "https://registry.npmjs.org/moment/-/moment-2.30.1.tgz",
      "integrity": "sha512-uEmtNhbDOrWPFS+hdjFCBfy9f2YoyzRpwcl+DqpC6taX21FzsTLQVbMV/W7PzNSX6x/bhC1zA3c2UQ5NzH6how==",
      "license": "MIT",
      "engines": {
        "node": "*"
      }
    },
    "node_modules/moment-timezone": {
      "version": "0.5.48",
      "resolved": "https://registry.npmjs.org/moment-timezone/-/moment-timezone-0.5.48.tgz",
      "integrity": "sha512-f22b8LV1gbTO2ms2j2z13MuPogNoh5UzxL3nzNAYKGraILnbGc9NEE6dyiiiLv46DGRb8A4kg8UKWLjPthxBHw==",
      "license": "MIT",
      "dependencies": {
        "moment": "^2.29.4"
      },
      "engines": {
        "node": "*"
      }
    },
    "node_modules/ms": {
      "version": "2.1.3",
      "resolved": "https://registry.npmjs.org/ms/-/ms-2.1.3.tgz",
      "integrity": "sha512-6FlzubTLZG3J2a/NVCAleEhjzq5oxgHyaCU9yYXvcLsvoVaHJq/s5xXI6/XXP6tz7R9xAOtHnSO/tXtF3WRTlA==",
      "license": "MIT"
    },
    "node_modules/pdfjs-dist": {
      "version": "2.14.305",
      "resolved": "https://registry.npmjs.org/pdfjs-dist/-/pdfjs-dist-2.14.305.tgz",
      "integrity": "sha512-5f7i25J1dKIBczhgfxEgNxfYNIxXEdxqo6Qb4ehY7Ja+p6AI4uUmk/OcVGXfRGm2ys5iaJJhJUwBFwv6Jl/Qww==",
      "license": "Apache-2.0",
      "dependencies": {
        "dommatrix": "^1.0.1",
        "web-streams-polyfill": "^3.2.1"
      },
      "peerDependencies": {
        "worker-loader": "^3.0.8"
      },
      "peerDependenciesMeta": {
        "worker-loader": {
          "optional": true
        }
      }
    },
    "node_modules/pg": {
      "version": "8.16.3",
      "resolved": "https://registry.npmjs.org/pg/-/pg-8.16.3.tgz",
      "integrity": "sha512-enxc1h0jA/aq5oSDMvqyW3q89ra6XIIDZgCX9vkMrnz5DFTw/Ny3Li2lFQ+pt3L6MCgm/5o2o8HW9hiJji+xvw==",
      "license": "MIT",
      "dependencies": {
        "pg-connection-string": "^2.9.1",
        "pg-pool": "^3.10.1",
        "pg-protocol": "^1.10.3",
        "pg-types": "2.2.0",
        "pgpass": "1.0.5"
      },
      "engines": {
        "node": ">= 16.0.0"
      },
      "optionalDependencies": {
        "pg-cloudflare": "^1.2.7"
      },
      "peerDependencies": {
        "pg-native": ">=3.0.1"
      },
      "peerDependenciesMeta": {
        "pg-native": {
          "optional": true
        }
      }
    },
    "node_modules/pg-cloudflare": {
      "version": "1.2.7",
      "resolved": "https://registry.npmjs.org/pg-cloudflare/-/pg-cloudflare-1.2.7.tgz",
      "integrity": "sha512-YgCtzMH0ptvZJslLM1ffsY4EuGaU0cx4XSdXLRFae8bPP4dS5xL1tNB3k2o/N64cHJpwU7dxKli/nZ2lUa5fLg==",
      "license": "MIT",
      "optional": true
    },
    "node_modules/pg-connection-string": {
      "version": "2.9.1",
      "resolved": "https://registry.npmjs.org/pg-connection-string/-/pg-connection-string-2.9.1.tgz",
      "integrity": "sha512-nkc6NpDcvPVpZXxrreI/FOtX3XemeLl8E0qFr6F2Lrm/I8WOnaWNhIPK2Z7OHpw7gh5XJThi6j6ppgNoaT1w4w==",
      "license": "MIT"
    },
    "node_modules/pg-hstore": {
      "version": "2.3.4",
      "resolved": "https://registry.npmjs.org/pg-hstore/-/pg-hstore-2.3.4.tgz",
      "integrity": "sha512-N3SGs/Rf+xA1M2/n0JBiXFDVMzdekwLZLAO0g7mpDY9ouX+fDI7jS6kTq3JujmYbtNSJ53TJ0q4G98KVZSM4EA==",
      "license": "MIT",
      "dependencies": {
        "underscore": "^1.13.1"
      },
      "engines": {
        "node": ">= 0.8.x"
      }
    },
    "node_modules/pg-int8": {
      "version": "1.0.1",
      "resolved": "https://registry.npmjs.org/pg-int8/-/pg-int8-1.0.1.tgz",
      "integrity": "sha512-WCtabS6t3c8SkpDBUlb1kjOs7l66xsGdKpIPZsg4wR+B3+u9UAum2odSsF9tnvxg80h4ZxLWMy4pRjOsFIqQpw==",
      "license": "ISC",
      "engines": {
        "node": ">=4.0.0"
      }
    },
    "node_modules/pg-pool": {
      "version": "3.10.1",
      "resolved": "https://registry.npmjs.org/pg-pool/-/pg-pool-3.10.1.tgz",
      "integrity": "sha512-Tu8jMlcX+9d8+QVzKIvM/uJtp07PKr82IUOYEphaWcoBhIYkoHpLXN3qO59nAI11ripznDsEzEv8nUxBVWajGg==",
      "license": "MIT",
      "peerDependencies": {
        "pg": ">=8.0"
      }
    },
    "node_modules/pg-protocol": {
      "version": "1.10.3",
      "resolved": "https://registry.npmjs.org/pg-protocol/-/pg-protocol-1.10.3.tgz",
      "integrity": "sha512-6DIBgBQaTKDJyxnXaLiLR8wBpQQcGWuAESkRBX/t6OwA8YsqP+iVSiond2EDy6Y/dsGk8rh/jtax3js5NeV7JQ==",
      "license": "MIT"
    },
    "node_modules/pg-types": {
      "version": "2.2.0",
      "resolved": "https://registry.npmjs.org/pg-types/-/pg-types-2.2.0.tgz",
      "integrity": "sha512-qTAAlrEsl8s4OiEQY69wDvcMIdQN6wdz5ojQiOy6YRMuynxenON0O5oCpJI6lshc6scgAY8qvJ2On/p+CXY0GA==",
      "license": "MIT",
      "dependencies": {
        "pg-int8": "1.0.1",
        "postgres-array": "~2.0.0",
        "postgres-bytea": "~1.0.0",
        "postgres-date": "~1.0.4",
        "postgres-interval": "^1.1.0"
      },
      "engines": {
        "node": ">=4"
      }
    },
    "node_modules/pgpass": {
      "version": "1.0.5",
      "resolved": "https://registry.npmjs.org/pgpass/-/pgpass-1.0.5.tgz",
      "integrity": "sha512-FdW9r/jQZhSeohs1Z3sI1yxFQNFvMcnmfuj4WBMUTxOrAyLMaTcE1aAMBiTlbMNaXvBCQuVi0R7hd8udDSP7ug==",
      "license": "MIT",
      "dependencies": {
        "split2": "^4.1.0"
      }
    },
    "node_modules/picocolors": {
      "version": "1.1.1",
      "resolved": "https://registry.npmjs.org/picocolors/-/picocolors-1.1.1.tgz",
      "integrity": "sha512-xceH2snhtb5M9liqDsmEw56le376mTZkEX/jEb/RxNFyegNul7eNslCXP9FDj/Lcu0X8KEyMceP2ntpaHrDEVA==",
      "license": "ISC"
    },
    "node_modules/postgres-array": {
      "version": "2.0.0",
      "resolved": "https://registry.npmjs.org/postgres-array/-/postgres-array-2.0.0.tgz",
      "integrity": "sha512-VpZrUqU5A69eQyW2c5CA1jtLecCsN2U/bD6VilrFDWq5+5UIEVO7nazS3TEcHf1zuPYO/sqGvUvW62g86RXZuA==",
      "license": "MIT",
      "engines": {
        "node": ">=4"
      }
    },
    "node_modules/postgres-bytea": {
      "version": "1.0.0",
      "resolved": "https://registry.npmjs.org/postgres-bytea/-/postgres-bytea-1.0.0.tgz",
      "integrity": "sha512-xy3pmLuQqRBZBXDULy7KbaitYqLcmxigw14Q5sj8QBVLqEwXfeybIKVWiqAXTlcvdvb0+xkOtDbfQMOf4lST1w==",
      "license": "MIT",
      "engines": {
        "node": ">=0.10.0"
      }
    },
    "node_modules/postgres-date": {
      "version": "1.0.7",
      "resolved": "https://registry.npmjs.org/postgres-date/-/postgres-date-1.0.7.tgz",
      "integrity": "sha512-suDmjLVQg78nMK2UZ454hAG+OAW+HQPZ6n++TNDUX+L0+uUlLywnoxJKDou51Zm+zTCjrCl0Nq6J9C5hP9vK/Q==",
      "license": "MIT",
      "engines": {
        "node": ">=0.10.0"
      }
    },
    "node_modules/postgres-interval": {
      "version": "1.2.0",
      "resolved": "https://registry.npmjs.org/postgres-interval/-/postgres-interval-1.2.0.tgz",
      "integrity": "sha512-9ZhXKM/rw350N1ovuWHbGxnGh/SNJ4cnxHiM0rxE4VN41wsg8P8zWn9hv/buK00RP4WvlOyr/RBDiptyxVbkZQ==",
      "license": "MIT",
      "dependencies": {
        "xtend": "^4.0.0"
      },
      "engines": {
        "node": ">=0.10.0"
      }
    },
    "node_modules/pretty-format": {
      "version": "27.5.1",
      "resolved": "https://registry.npmjs.org/pretty-format/-/pretty-format-27.5.1.tgz",
      "integrity": "sha512-Qb1gy5OrP5+zDf2Bvnzdl3jsTf1qXVMazbvCoKhtKqVs4/YK4ozX4gKQJJVyNe+cajNPn0KoC0MC3FUmaHWEmQ==",
      "license": "MIT",
      "dependencies": {
        "ansi-regex": "^5.0.1",
        "ansi-styles": "^5.0.0",
        "react-is": "^17.0.1"
      },
      "engines": {
        "node": "^10.13.0 || ^12.13.0 || ^14.15.0 || >=15.0.0"
      }
    },
    "node_modules/react": {
      "version": "19.1.1",
      "resolved": "https://registry.npmjs.org/react/-/react-19.1.1.tgz",
      "integrity": "sha512-w8nqGImo45dmMIfljjMwOGtbmC/mk4CMYhWIicdSflH91J9TyCyczcPFXJzrZ/ZXcgGRFeP6BU0BEJTw6tZdfQ==",
      "license": "MIT",
      "peer": true,
      "engines": {
        "node": ">=0.10.0"
      }
    },
    "node_modules/react-dom": {
      "version": "19.1.1",
      "resolved": "https://registry.npmjs.org/react-dom/-/react-dom-19.1.1.tgz",
      "integrity": "sha512-Dlq/5LAZgF0Gaz6yiqZCf6VCcZs1ghAJyrsu84Q/GT0gV+mCxbfmKNoGRKBYMJ8IEdGPqu49YWXD02GCknEDkw==",
      "license": "MIT",
      "peer": true,
      "dependencies": {
        "scheduler": "^0.26.0"
      },
      "peerDependencies": {
        "react": "^19.1.1"
      }
    },
    "node_modules/react-is": {
      "version": "17.0.2",
      "resolved": "https://registry.npmjs.org/react-is/-/react-is-17.0.2.tgz",
      "integrity": "sha512-w2GsyukL62IJnlaff/nRegPQR94C/XXamvMWmSHRJ4y7Ts/4ocGRmTHvOs8PSE6pB3dWOrD/nueuU5sduBsQ4w==",
      "license": "MIT"
    },
    "node_modules/react-pdf": {
      "version": "10.1.0",
      "resolved": "https://registry.npmjs.org/react-pdf/-/react-pdf-10.1.0.tgz",
      "integrity": "sha512-iUI1YqWgwwZcsXjrehTp3Yi8nT/bvTaWULaRMMyJWvoqqSlopk4LQQ9GDqUnDtX3gzT2glrqrLbjIPl56a+Q3w==",
      "license": "MIT",
      "dependencies": {
        "clsx": "^2.0.0",
        "dequal": "^2.0.3",
        "make-cancellable-promise": "^2.0.0",
        "make-event-props": "^2.0.0",
        "merge-refs": "^2.0.0",
        "pdfjs-dist": "5.3.93",
        "tiny-invariant": "^1.0.0",
        "warning": "^4.0.0"
      },
      "funding": {
        "url": "https://github.com/wojtekmaj/react-pdf?sponsor=1"
      },
      "peerDependencies": {
        "@types/react": "^16.8.0 || ^17.0.0 || ^18.0.0 || ^19.0.0",
        "react": "^16.8.0 || ^17.0.0 || ^18.0.0 || ^19.0.0",
        "react-dom": "^16.8.0 || ^17.0.0 || ^18.0.0 || ^19.0.0"
      },
      "peerDependenciesMeta": {
        "@types/react": {
          "optional": true
        }
      }
    },
    "node_modules/react-pdf/node_modules/pdfjs-dist": {
      "version": "5.3.93",
      "resolved": "https://registry.npmjs.org/pdfjs-dist/-/pdfjs-dist-5.3.93.tgz",
      "integrity": "sha512-w3fQKVL1oGn8FRyx5JUG5tnbblggDqyx2XzA5brsJ5hSuS+I0NdnJANhmeWKLjotdbPQucLBug5t0MeWr0AAdg==",
      "license": "Apache-2.0",
      "engines": {
        "node": ">=20.16.0 || >=22.3.0"
      },
      "optionalDependencies": {
        "@napi-rs/canvas": "^0.1.71"
      }
    },
    "node_modules/redent": {
      "version": "3.0.0",
      "resolved": "https://registry.npmjs.org/redent/-/redent-3.0.0.tgz",
      "integrity": "sha512-6tDA8g98We0zd0GvVeMT9arEOnTw9qM03L9cJXaCjrip1OO764RDBLBfrB4cwzNGDj5OA5ioymC9GkizgWJDUg==",
      "license": "MIT",
      "dependencies": {
        "indent-string": "^4.0.0",
        "strip-indent": "^3.0.0"
      },
      "engines": {
        "node": ">=8"
      }
    },
    "node_modules/retry-as-promised": {
      "version": "7.1.1",
      "resolved": "https://registry.npmjs.org/retry-as-promised/-/retry-as-promised-7.1.1.tgz",
      "integrity": "sha512-hMD7odLOt3LkTjcif8aRZqi/hybjpLNgSk5oF5FCowfCjok6LukpN2bDX7R5wDmbgBQFn7YoBxSagmtXHaJYJw==",
      "license": "MIT"
    },
    "node_modules/scheduler": {
      "version": "0.26.0",
      "resolved": "https://registry.npmjs.org/scheduler/-/scheduler-0.26.0.tgz",
      "integrity": "sha512-NlHwttCI/l5gCPR3D1nNXtWABUmBwvZpEQiD4IXSbIDq8BzLIK/7Ir5gTFSGZDUu37K5cMNp0hFtzO38sC7gWA==",
      "license": "MIT",
      "peer": true
    },
    "node_modules/semver": {
      "version": "7.7.2",
      "resolved": "https://registry.npmjs.org/semver/-/semver-7.7.2.tgz",
      "integrity": "sha512-RF0Fw+rO5AMf9MAyaRXI4AV0Ulj5lMHqVxxdSgiVbixSCXoEmmX/jk0CuJw4+3SqroYO9VoUh+HcuJivvtJemA==",
      "license": "ISC",
      "bin": {
        "semver": "bin/semver.js"
      },
      "engines": {
        "node": ">=10"
      }
    },
    "node_modules/sequelize": {
      "version": "6.37.7",
      "resolved": "https://registry.npmjs.org/sequelize/-/sequelize-6.37.7.tgz",
      "integrity": "sha512-mCnh83zuz7kQxxJirtFD7q6Huy6liPanI67BSlbzSYgVNl5eXVdE2CN1FuAeZwG1SNpGsNRCV+bJAVVnykZAFA==",
      "funding": [
        {
          "type": "opencollective",
          "url": "https://opencollective.com/sequelize"
        }
      ],
      "license": "MIT",
      "dependencies": {
        "@types/debug": "^4.1.8",
        "@types/validator": "^13.7.17",
        "debug": "^4.3.4",
        "dottie": "^2.0.6",
        "inflection": "^1.13.4",
        "lodash": "^4.17.21",
        "moment": "^2.29.4",
        "moment-timezone": "^0.5.43",
        "pg-connection-string": "^2.6.1",
        "retry-as-promised": "^7.0.4",
        "semver": "^7.5.4",
        "sequelize-pool": "^7.1.0",
        "toposort-class": "^1.0.1",
        "uuid": "^8.3.2",
        "validator": "^13.9.0",
        "wkx": "^0.5.0"
      },
      "engines": {
        "node": ">=10.0.0"
      },
      "peerDependenciesMeta": {
        "ibm_db": {
          "optional": true
        },
        "mariadb": {
          "optional": true
        },
        "mysql2": {
          "optional": true
        },
        "oracledb": {
          "optional": true
        },
        "pg": {
          "optional": true
        },
        "pg-hstore": {
          "optional": true
        },
        "snowflake-sdk": {
          "optional": true
        },
        "sqlite3": {
          "optional": true
        },
        "tedious": {
          "optional": true
        }
      }
    },
    "node_modules/sequelize-pool": {
      "version": "7.1.0",
      "resolved": "https://registry.npmjs.org/sequelize-pool/-/sequelize-pool-7.1.0.tgz",
      "integrity": "sha512-G9c0qlIWQSK29pR/5U2JF5dDQeqqHRragoyahj/Nx4KOOQ3CPPfzxnfqFPCSB7x5UgjOgnZ61nSxz+fjDpRlJg==",
      "license": "MIT",
      "engines": {
        "node": ">= 10.0.0"
      }
    },
    "node_modules/split2": {
      "version": "4.2.0",
      "resolved": "https://registry.npmjs.org/split2/-/split2-4.2.0.tgz",
      "integrity": "sha512-UcjcJOWknrNkF6PLX83qcHM6KHgVKNkV62Y8a5uYDVv9ydGQVwAHMKqHdJje1VTWpljG0WYpCDhrCdAOYH4TWg==",
      "license": "ISC",
      "engines": {
        "node": ">= 10.x"
      }
    },
    "node_modules/strip-indent": {
      "version": "3.0.0",
      "resolved": "https://registry.npmjs.org/strip-indent/-/strip-indent-3.0.0.tgz",
      "integrity": "sha512-laJTa3Jb+VQpaC6DseHhF7dXVqHTfJPCRDaEbid/drOhgitgYku/letMUqOXFoWV0zIIUbjpdH2t+tYj4bQMRQ==",
      "license": "MIT",
      "dependencies": {
        "min-indent": "^1.0.0"
      },
      "engines": {
        "node": ">=8"
      }
    },
    "node_modules/tiny-invariant": {
      "version": "1.3.3",
      "resolved": "https://registry.npmjs.org/tiny-invariant/-/tiny-invariant-1.3.3.tgz",
      "integrity": "sha512-+FbBPE1o9QAYvviau/qC5SE3caw21q3xkvWKBtja5vgqOWIHHJ3ioaq1VPfn/Szqctz2bU/oYeKd9/z5BL+PVg==",
      "license": "MIT"
    },
    "node_modules/toposort-class": {
      "version": "1.0.1",
      "resolved": "https://registry.npmjs.org/toposort-class/-/toposort-class-1.0.1.tgz",
      "integrity": "sha512-OsLcGGbYF3rMjPUf8oKktyvCiUxSbqMMS39m33MAjLTC1DVIH6x3WSt63/M77ihI09+Sdfk1AXvfhCEeUmC7mg==",
      "license": "MIT"
    },
    "node_modules/underscore": {
      "version": "1.13.7",
      "resolved": "https://registry.npmjs.org/underscore/-/underscore-1.13.7.tgz",
      "integrity": "sha512-GMXzWtsc57XAtguZgaQViUOzs0KTkk8ojr3/xAxXLITqf/3EMwxC0inyETfDFjH/Krbhuep0HNbbjI9i/q3F3g==",
      "license": "MIT"
    },
    "node_modules/undici-types": {
      "version": "7.10.0",
      "resolved": "https://registry.npmjs.org/undici-types/-/undici-types-7.10.0.tgz",
      "integrity": "sha512-t5Fy/nfn+14LuOc2KNYg75vZqClpAiqscVvMygNnlsHBFpSXdJaYtXMcdNLpl/Qvc3P2cB3s6lOV51nqsFq4ag==",
      "license": "MIT"
    },
    "node_modules/uuid": {
      "version": "8.3.2",
      "resolved": "https://registry.npmjs.org/uuid/-/uuid-8.3.2.tgz",
      "integrity": "sha512-+NYs2QeMWy+GWFOEm9xnn6HCDp0l7QBD7ml8zLUmJ+93Q5NF0NocErnwkTkXVFNiX3/fpC6afS8Dhb/gz7R7eg==",
      "license": "MIT",
      "bin": {
        "uuid": "dist/bin/uuid"
      }
    },
    "node_modules/validator": {
      "version": "13.15.15",
      "resolved": "https://registry.npmjs.org/validator/-/validator-13.15.15.tgz",
      "integrity": "sha512-BgWVbCI72aIQy937xbawcs+hrVaN/CZ2UwutgaJ36hGqRrLNM+f5LUT/YPRbo8IV/ASeFzXszezV+y2+rq3l8A==",
      "license": "MIT",
      "engines": {
        "node": ">= 0.10"
      }
    },
    "node_modules/warning": {
      "version": "4.0.3",
      "resolved": "https://registry.npmjs.org/warning/-/warning-4.0.3.tgz",
      "integrity": "sha512-rpJyN222KWIvHJ/F53XSZv0Zl/accqHR8et1kpaMTD/fLCRxtV8iX8czMzY7sVZupTI3zcUTg8eycS2kNF9l6w==",
      "license": "MIT",
      "dependencies": {
        "loose-envify": "^1.0.0"
      }
    },
    "node_modules/web-streams-polyfill": {
      "version": "3.3.3",
      "resolved": "https://registry.npmjs.org/web-streams-polyfill/-/web-streams-polyfill-3.3.3.tgz",
      "integrity": "sha512-d2JWLCivmZYTSIoge9MsgFCZrt571BikcWGYkjC1khllbTeDlGqZ2D8vD8E/lJa8WGWbb7Plm8/XJYV7IJHZZw==",
      "license": "MIT",
      "engines": {
        "node": ">= 8"
      }
    },
    "node_modules/wkx": {
      "version": "0.5.0",
      "resolved": "https://registry.npmjs.org/wkx/-/wkx-0.5.0.tgz",
      "integrity": "sha512-Xng/d4Ichh8uN4l0FToV/258EjMGU9MGcA0HV2d9B/ZpZB3lqQm7nkOdZdm5GhKtLLhAE7PiVQwN4eN+2YJJUg==",
      "license": "MIT",
      "dependencies": {
        "@types/node": "*"
      }
    },
    "node_modules/xtend": {
      "version": "4.0.2",
      "resolved": "https://registry.npmjs.org/xtend/-/xtend-4.0.2.tgz",
      "integrity": "sha512-LKYU1iAXJXUgAXn9URjiu+MWhyUXHsvfp7mcuYm9dSUKK0/CjtrUwFAxD82/mCWbtLsGjFIad0wIsod4zrTAEQ==",
      "license": "MIT",
      "engines": {
        "node": ">=0.4"
      }
    }
  }
}
